// !$*UTF8*$!
{
	archiveVersion = 1;
	classes = {
	};
	objectVersion = 46;
	objects = {

/* Begin PBXBuildFile section */
		810DCD8F14D351FE00AC034E /* UIKit.framework in Frameworks */ = {isa = PBXBuildFile; fileRef = 810DCD8E14D351FE00AC034E /* UIKit.framework */; };
		810DCD9114D351FE00AC034E /* Foundation.framework in Frameworks */ = {isa = PBXBuildFile; fileRef = 810DCD9014D351FE00AC034E /* Foundation.framework */; };
		810DCD9314D351FE00AC034E /* CoreGraphics.framework in Frameworks */ = {isa = PBXBuildFile; fileRef = 810DCD9214D351FE00AC034E /* CoreGraphics.framework */; };
		810DCD9914D351FE00AC034E /* InfoPlist.strings in Resources */ = {isa = PBXBuildFile; fileRef = 810DCD9714D351FE00AC034E /* InfoPlist.strings */; };
		810DCD9B14D351FE00AC034E /* main.m in Sources */ = {isa = PBXBuildFile; fileRef = 810DCD9A14D351FE00AC034E /* main.m */; };
		810DCD9F14D351FE00AC034E /* RPNCalculatorAppDelegate.m in Sources */ = {isa = PBXBuildFile; fileRef = 810DCD9E14D351FE00AC034E /* RPNCalculatorAppDelegate.m */; };
		810DCDA214D351FE00AC034E /* MainStoryboard_iPhone.storyboard in Resources */ = {isa = PBXBuildFile; fileRef = 810DCDA014D351FE00AC034E /* MainStoryboard_iPhone.storyboard */; };
		810DCDA514D351FE00AC034E /* MainStoryboard_iPad.storyboard in Resources */ = {isa = PBXBuildFile; fileRef = 810DCDA314D351FE00AC034E /* MainStoryboard_iPad.storyboard */; };
		810DCDA814D351FE00AC034E /* RPNCalculatorViewController.m in Sources */ = {isa = PBXBuildFile; fileRef = 810DCDA714D351FE00AC034E /* RPNCalculatorViewController.m */; };
/* End PBXBuildFile section */

/* Begin PBXFileReference section */
		810DCD8A14D351FD00AC034E /* RPNCalculator.app */ = {isa = PBXFileReference; explicitFileType = wrapper.application; includeInIndex = 0; path = RPNCalculator.app; sourceTree = BUILT_PRODUCTS_DIR; };
		810DCD8E14D351FE00AC034E /* UIKit.framework */ = {isa = PBXFileReference; lastKnownFileType = wrapper.framework; name = UIKit.framework; path = System/Library/Frameworks/UIKit.framework; sourceTree = SDKROOT; };
		810DCD9014D351FE00AC034E /* Foundation.framework */ = {isa = PBXFileReference; lastKnownFileType = wrapper.framework; name = Foundation.framework; path = System/Library/Frameworks/Foundation.framework; sourceTree = SDKROOT; };
		810DCD9214D351FE00AC034E /* CoreGraphics.framework */ = {isa = PBXFileReference; lastKnownFileType = wrapper.framework; name = CoreGraphics.framework; path = System/Library/Frameworks/CoreGraphics.framework; sourceTree = SDKROOT; };
		810DCD9614D351FE00AC034E /* RPNCalculator-Info.plist */ = {isa = PBXFileReference; path = "RPNCalculator-Info.plist"; sourceTree = "<group>"; };
		810DCD9814D351FE00AC034E /* en */ = {isa = PBXFileReference; lastKnownFileType = text.plist.strings; name = en; path = en.lproj/InfoPlist.strings; sourceTree = "<group>"; };
		810DCD9A14D351FE00AC034E /* main.m */ = {isa = PBXFileReference; lastKnownFileType = sourcecode.c.objc; path = main.m; sourceTree = "<group>"; };
		810DCD9C14D351FE00AC034E /* RPNCalculator-Prefix.pch */ = {isa = PBXFileReference; path = "RPNCalculator-Prefix.pch"; sourceTree = "<group>"; };
		810DCD9D14D351FE00AC034E /* RPNCalculatorAppDelegate.h */ = {isa = PBXFileReference; path = RPNCalculatorAppDelegate.h; sourceTree = "<group>"; };
		810DCD9E14D351FE00AC034E /* RPNCalculatorAppDelegate.m */ = {isa = PBXFileReference; lastKnownFileType = sourcecode.c.objc; path = RPNCalculatorAppDelegate.m; sourceTree = "<group>"; };
		810DCDA114D351FE00AC034E /* en */ = {isa = PBXFileReference; lastKnownFileType = file.storyboard; name = en; path = en.lproj/MainStoryboard_iPhone.storyboard; sourceTree = "<group>"; };
		810DCDA414D351FE00AC034E /* en */ = {isa = PBXFileReference; lastKnownFileType = file.storyboard; name = en; path = en.lproj/MainStoryboard_iPad.storyboard; sourceTree = "<group>"; };
		810DCDA614D351FE00AC034E /* RPNCalculatorViewController.h */ = {isa = PBXFileReference; path = RPNCalculatorViewController.h; sourceTree = "<group>"; };
		810DCDA714D351FE00AC034E /* RPNCalculatorViewController.m */ = {isa = PBXFileReference; lastKnownFileType = sourcecode.c.objc; path = RPNCalculatorViewController.m; sourceTree = "<group>"; };
/* End PBXFileReference section */

/* Begin PBXFrameworksBuildPhase section */
		810DCD8714D351FD00AC034E /* Frameworks */ = {
			isa = PBXFrameworksBuildPhase;
			buildActionMask = 2147483647;
			files = (
				810DCD8F14D351FE00AC034E /* UIKit.framework in Frameworks */,
				810DCD9114D351FE00AC034E /* Foundation.framework in Frameworks */,
				810DCD9314D351FE00AC034E /* CoreGraphics.framework in Frameworks */,
			);
			runOnlyForDeploymentPostprocessing = 0;
		};
/* End PBXFrameworksBuildPhase section */

/* Begin PBXGroup section */
		810DCD7F14D351FD00AC034E = {
			isa = PBXGroup;
			children = (
				810DCD9414D351FE00AC034E /* RPNCalculator */,
				810DCD8D14D351FE00AC034E /* Frameworks */,
				810DCD8B14D351FD00AC034E /* Products */,
			);
			sourceTree = "<group>";
		};
		810DCD8B14D351FD00AC034E /* Products */ = {
			isa = PBXGroup;
			children = (
				810DCD8A14D351FD00AC034E /* RPNCalculator.app */,
			);
			name = Products;
			sourceTree = "<group>";
		};
		810DCD8D14D351FE00AC034E /* Frameworks */ = {
			isa = PBXGroup;
			children = (
				810DCD8E14D351FE00AC034E /* UIKit.framework */,
				810DCD9014D351FE00AC034E /* Foundation.framework */,
				810DCD9214D351FE00AC034E /* CoreGraphics.framework */,
			);
			name = Frameworks;
			sourceTree = "<group>";
		};
		810DCD9414D351FE00AC034E /* RPNCalculator */ = {
			isa = PBXGroup;
			children = (
				810DCD9D14D351FE00AC034E /* RPNCalculatorAppDelegate.h */,
				810DCD9E14D351FE00AC034E /* RPNCalculatorAppDelegate.m */,
				810DCDA014D351FE00AC034E /* MainStoryboard_iPhone.storyboard */,
				810DCDA314D351FE00AC034E /* MainStoryboard_iPad.storyboard */,
				810DCDA614D351FE00AC034E /* RPNCalculatorViewController.h */,
				810DCDA714D351FE00AC034E /* RPNCalculatorViewController.m */,
				810DCD9514D351FE00AC034E /* Supporting Files */,
			);
			path = RPNCalculator;
			sourceTree = "<group>";
		};
		810DCD9514D351FE00AC034E /* Supporting Files */ = {
			isa = PBXGroup;
			children = (
				810DCD9614D351FE00AC034E /* RPNCalculator-Info.plist */,
				810DCD9714D351FE00AC034E /* InfoPlist.strings */,
				810DCD9A14D351FE00AC034E /* main.m */,
				810DCD9C14D351FE00AC034E /* RPNCalculator-Prefix.pch */,
			);
			name = "Supporting Files";
			sourceTree = "<group>";
		};
/* End PBXGroup section */

/* Begin PBXNativeTarget section */
		810DCD8914D351FD00AC034E /* RPNCalculator */ = {
			isa = PBXNativeTarget;
			buildConfigurationList = 810DCDAB14D351FE00AC034E /* Build configuration list for PBXNativeTarget "RPNCalculator" */;
			buildPhases = (
				810DCD8614D351FD00AC034E /* Sources */,
				810DCD8714D351FD00AC034E /* Frameworks */,
				810DCD8814D351FD00AC034E /* Resources */,
			);
			buildRules = (
			);
			dependencies = (
			);
			name = RPNCalculator;
			productName = RPNCalculator;
			productReference = 810DCD8A14D351FD00AC034E /* RPNCalculator.app */;
			productType = "com.apple.product-type.application";
		};
/* End PBXNativeTarget section */

/* Begin PBXProject section */
		810DCD8114D351FD00AC034E /* Project object */ = {
			isa = PBXProject;
			attributes = {
				LastUpgradeCheck = 0420;
			};
			buildConfigurationList = 810DCD8414D351FD00AC034E /* Build configuration list for PBXProject "RPNCalculator" */;
			compatibilityVersion = "Xcode 3.2";
			developmentRegion = English;
			hasScannedForEncodings = 0;
			knownRegions = (
				en,
			);
			mainGroup = 810DCD7F14D351FD00AC034E;
			productRefGroup = 810DCD8B14D351FD00AC034E /* Products */;
			projectDirPath = "";
			projectRoot = "";
			targets = (
				810DCD8914D351FD00AC034E /* RPNCalculator */,
			);
		};
/* End PBXProject section */

/* Begin PBXResourcesBuildPhase section */
		810DCD8814D351FD00AC034E /* Resources */ = {
			isa = PBXResourcesBuildPhase;
			buildActionMask = 2147483647;
			files = (
				810DCD9914D351FE00AC034E /* InfoPlist.strings in Resources */,
				810DCDA214D351FE00AC034E /* MainStoryboard_iPhone.storyboard in Resources */,
				810DCDA514D351FE00AC034E /* MainStoryboard_iPad.storyboard in Resources */,
			);
			runOnlyForDeploymentPostprocessing = 0;
		};
/* End PBXResourcesBuildPhase section */

/* Begin PBXSourcesBuildPhase section */
		810DCD8614D351FD00AC034E /* Sources */ = {
			isa = PBXSourcesBuildPhase;
			buildActionMask = 2147483647;
			files = (
				810DCD9B14D351FE00AC034E /* main.m in Sources */,
				810DCD9F14D351FE00AC034E /* RPNCalculatorAppDelegate.m in Sources */,
				810DCDA814D351FE00AC034E /* RPNCalculatorViewController.m in Sources */,
			);
			runOnlyForDeploymentPostprocessing = 0;
		};
/* End PBXSourcesBuildPhase section */

/* Begin PBXVariantGroup section */
		810DCD9714D351FE00AC034E /* InfoPlist.strings */ = {
			isa = PBXVariantGroup;
			children = (
				810DCD9814D351FE00AC034E /* en */,
			);
			name = InfoPlist.strings;
			sourceTree = "<group>";
		};
		810DCDA014D351FE00AC034E /* MainStoryboard_iPhone.storyboard */ = {
			isa = PBXVariantGroup;
			children = (
				810DCDA114D351FE00AC034E /* en */,
			);
			name = MainStoryboard_iPhone.storyboard;
			sourceTree = "<group>";
		};
		810DCDA314D351FE00AC034E /* MainStoryboard_iPad.storyboard */ = {
			isa = PBXVariantGroup;
			children = (
				810DCDA414D351FE00AC034E /* en */,
			);
			name = MainStoryboard_iPad.storyboard;
			sourceTree = "<group>";
		};
/* End PBXVariantGroup section */

/* Begin XCBuildConfiguration section */
		810DCDA914D351FE00AC034E /* Debug */ = {
			isa = XCBuildConfiguration;
			buildSettings = {
				ALWAYS_SEARCH_USER_PATHS = NO;
				ARCHS = "$(ARCHS_STANDARD_32_BIT)";
				CLANG_ENABLE_OBJC_ARC = YES;
				"CODE_SIGN_IDENTITY[sdk=iphoneos*]" = "iPhone Developer";
				COPY_PHASE_STRIP = NO;
				GCC_C_LANGUAGE_STANDARD = gnu99;
				GCC_DYNAMIC_NO_PIC = NO;
				GCC_OPTIMIZATION_LEVEL = 0;
				GCC_PREPROCESSOR_DEFINITIONS = (
					"DEBUG=1",
					"$(inherited)",
				);
				GCC_SYMBOLS_PRIVATE_EXTERN = NO;
				GCC_VERSION = com.apple.compilers.llvm.clang.1_0;
				GCC_WARN_ABOUT_MISSING_PROTOTYPES = YES;
				GCC_WARN_ABOUT_RETURN_TYPE = YES;
				GCC_WARN_UNUSED_VARIABLE = YES;
				IPHONEOS_DEPLOYMENT_TARGET = 5.0;
				SDKROOT = iphoneos;
				TARGETED_DEVICE_FAMILY = "1,2";
			};
			name = Debug;
		};
		810DCDAA14D351FE00AC034E /* Release */ = {
			isa = XCBuildConfiguration;
			buildSettings = {
				ALWAYS_SEARCH_USER_PATHS = NO;
				ARCHS = "$(ARCHS_STANDARD_32_BIT)";
				CLANG_ENABLE_OBJC_ARC = YES;
				"CODE_SIGN_IDENTITY[sdk=iphoneos*]" = "iPhone Developer";
				COPY_PHASE_STRIP = YES;
				GCC_C_LANGUAGE_STANDARD = gnu99;
				GCC_VERSION = com.apple.compilers.llvm.clang.1_0;
				GCC_WARN_ABOUT_MISSING_PROTOTYPES = YES;
				GCC_WARN_ABOUT_RETURN_TYPE = YES;
				GCC_WARN_UNUSED_VARIABLE = YES;
				IPHONEOS_DEPLOYMENT_TARGET = 5.0;
				OTHER_CFLAGS = "-DNS_BLOCK_ASSERTIONS=1";
				SDKROOT = iphoneos;
				TARGETED_DEVICE_FAMILY = "1,2";
				VALIDATE_PRODUCT = YES;
			};
			name = Release;
		};
		810DCDAC14D351FE00AC034E /* Debug */ = {
			isa = XCBuildConfiguration;
			buildSettings = {
				GCC_PRECOMPILE_PREFIX_HEADER = YES;
				GCC_PREFIX_HEADER = "RPNCalculator/RPNCalculator-Prefix.pch";
				INFOPLIST_FILE = "RPNCalculator/RPNCalculator-Info.plist";
				PRODUCT_NAME = "$(TARGET_NAME)";
				WRAPPER_EXTENSION = app;
			};
			name = Debug;
		};
		810DCDAD14D351FE00AC034E /* Release */ = {
			isa = XCBuildConfiguration;
			buildSettings = {
				GCC_PRECOMPILE_PREFIX_HEADER = YES;
				GCC_PREFIX_HEADER = "RPNCalculator/RPNCalculator-Prefix.pch";
				INFOPLIST_FILE = "RPNCalculator/RPNCalculator-Info.plist";
				PRODUCT_NAME = "$(TARGET_NAME)";
				WRAPPER_EXTENSION = app;
			};
			name = Release;
		};
/* End XCBuildConfiguration section */

/* Begin XCConfigurationList section */
		810DCD8414D351FD00AC034E /* Build configuration list for PBXProject "RPNCalculator" */ = {
			isa = XCConfigurationList;
			buildConfigurations = (
				810DCDA914D351FE00AC034E /* Debug */,
				810DCDAA14D351FE00AC034E /* Release */,
			);
			defaultConfigurationIsVisible = 0;
			defaultConfigurationName = Release;
		};
		810DCDAB14D351FE00AC034E /* Build configuration list for PBXNativeTarget "RPNCalculator" */ = {
			isa = XCConfigurationList;
			buildConfigurations = (
				810DCDAC14D351FE00AC034E /* Debug */,
				810DCDAD14D351FE00AC034E /* Release */,
			);
			defaultConfigurationIsVisible = 0;
		};
/* End XCConfigurationList section */
	};
	rootObject = 810DCD8114D351FD00AC034E /* Project object */;
}
